
Microsoft Visual Studio Solution File, Format Version 12.00
# Visual Studio 15
VisualStudioVersion = 15.0.28307.539
MinimumVisualStudioVersion = 10.0.40219.1
Project("{FAE04EC0-301F-11D3-BF4B-00C04F79EFBC}") = "Foam", "Foam\Foam.csproj", "{76E81518-96EA-4B6E-AB4F-EDC95200555F}"
EndProject
Project("{FAE04EC0-301F-11D3-BF4B-00C04F79EFBC}") = "Test", "Test\Test.csproj", "{F26AA7EE-052D-49DF-B100-3321A641CE68}"
EndProject
Project("{FAE04EC0-301F-11D3-BF4B-00C04F79EFBC}") = "FoamCompile", "FoamCompile\FoamCompile.csproj", "{D06FB192-3B36-435B-B02F-1E94A6CC6F53}"
EndProject
Project("{FAE04EC0-301F-11D3-BF4B-00C04F79EFBC}") = "MdlToFoam", "MdlToFoam\MdlToFoam.csproj", "{F528EA8B-A6D6-4EF7-9C58-17B55A79370E}"
EndProject
Project("{FAE04EC0-301F-11D3-BF4B-00C04F79EFBC}") = "MapFoam", "MapFoam\MapFoam.csproj", "{CEA30F60-E355-4F0B-9E3E-B7A023C7B4EA}"
EndProject
Global
	GlobalSection(SolutionConfigurationPlatforms) = preSolution
		Debug|Any CPU = Debug|Any CPU
		Release|Any CPU = Release|Any CPU
	EndGlobalSection
	GlobalSection(ProjectConfigurationPlatforms) = postSolution
		{76E81518-96EA-4B6E-AB4F-EDC95200555F}.Debug|Any CPU.ActiveCfg = Debug|Any CPU
		{76E81518-96EA-4B6E-AB4F-EDC95200555F}.Debug|Any CPU.Build.0 = Debug|Any CPU
		{76E81518-96EA-4B6E-AB4F-EDC95200555F}.Release|Any CPU.ActiveCfg = Release|Any CPU
		{76E81518-96EA-4B6E-AB4F-EDC95200555F}.Release|Any CPU.Build.0 = Release|Any CPU
		{F26AA7EE-052D-49DF-B100-3321A641CE68}.Debug|Any CPU.ActiveCfg = Debug|Any CPU
		{F26AA7EE-052D-49DF-B100-3321A641CE68}.Debug|Any CPU.Build.0 = Debug|Any CPU
		{F26AA7EE-052D-49DF-B100-3321A641CE68}.Release|Any CPU.ActiveCfg = Release|Any CPU
		{F26AA7EE-052D-49DF-B100-3321A641CE68}.Release|Any CPU.Build.0 = Release|Any CPU
		{D06FB192-3B36-435B-B02F-1E94A6CC6F53}.Debug|Any CPU.ActiveCfg = Debug|Any CPU
		{D06FB192-3B36-435B-B02F-1E94A6CC6F53}.Debug|Any CPU.Build.0 = Debug|Any CPU
		{D06FB192-3B36-435B-B02F-1E94A6CC6F53}.Release|Any CPU.ActiveCfg = Release|Any CPU
		{D06FB192-3B36-435B-B02F-1E94A6CC6F53}.Release|Any CPU.Build.0 = Release|Any CPU
		{F528EA8B-A6D6-4EF7-9C58-17B55A79370E}.Debug|Any CPU.ActiveCfg = Debug|Any CPU
		{F528EA8B-A6D6-4EF7-9C58-17B55A79370E}.Debug|Any CPU.Build.0 = Debug|Any CPU
		{F528EA8B-A6D6-4EF7-9C58-17B55A79370E}.Release|Any CPU.ActiveCfg = Release|Any CPU
		{F528EA8B-A6D6-4EF7-9C58-17B55A79370E}.Release|Any CPU.Build.0 = Release|Any CPU
		{CEA30F60-E355-4F0B-9E3E-B7A023C7B4EA}.Debug|Any CPU.ActiveCfg = Debug|Any CPU
		{CEA30F60-E355-4F0B-9E3E-B7A023C7B4EA}.Debug|Any CPU.Build.0 = Debug|Any CPU
		{CEA30F60-E355-4F0B-9E3E-B7A023C7B4EA}.Release|Any CPU.ActiveCfg = Release|Any CPU
		{CEA30F60-E355-4F0B-9E3E-B7A023C7B4EA}.Release|Any CPU.Build.0 = Release|Any CPU
	EndGlobalSection
	GlobalSection(SolutionProperties) = preSolution
		HideSolutionNode = FALSE
	EndGlobalSection
	GlobalSection(ExtensibilityGlobals) = postSolution
		SolutionGuid = {AF88BC97-8DF3-484B-BA0C-E4F1E7926084}
	EndGlobalSection
EndGlobal
